{
  "requires": true,
  "lockfileVersion": 1,
  "dependencies": {
    "axentix": {
      "version": "1.3.3",
      "resolved": "https://registry.npmjs.org/axentix/-/axentix-1.3.3.tgz",
      "integrity": "sha512-mRlV66+CNVR7aHn0OSu/QiZbspQuQRRVT0v/Yc+e0Zc8Erwr7qvCJ8CDmroDN5r7K6A9/h+FtbQ/qYs+ZDDKaQ=="
    },
    "neu-axentix": {
      "version": "1.6.1",
      "resolved": "https://registry.npmjs.org/neu-axentix/-/neu-axentix-1.6.1.tgz",
      "integrity": "sha512-mk+3iRJJ3lIBdcnmwt+lPLq7Iq9vCFYWd5FyukmG4RBfICVksazaPPFihksiG+eWsYefxcHM53Og1e0kmCcyJw==",
      "requires": {
        "axentix": "^1.3.3"
      }
    }
  }
}
