{
  "requires": true,
  "lockfileVersion": 1,
  "dependencies": {
    "axentix": {
      "version": "1.3.3",
      "resolved": "https://registry.npmjs.org/axentix/-/axentix-1.3.3.tgz",
      "integrity": "sha512-mRlV66+CNVR7aHn0OSu/QiZbspQuQRRVT0v/Yc+e0Zc8Erwr7qvCJ8CDmroDN5r7K6A9/h+FtbQ/qYs+ZDDKaQ=="
    }
  }
}
